{
    "_readme": [
        "This file locks the dependencies of your project to a known state",
        "Read more about it at https://getcomposer.org/doc/01-basic-usage.md#installing-dependencies",
        "This file is @generated automatically"
    ],
    "content-hash": "cacf48b67866a9128b2a7c4b1eba47e1",
    "packages": [
        {
            "name": "nikic/php-parser",
            "version": "v5.0.2",
            "source": {
                "type": "git",
                "url": "https://github.com/nikic/PHP-Parser.git",
                "reference": "139676794dc1e9231bf7bcd123cfc0c99182cb13"
            },
            "dist": {
                "type": "zip",
                "url": "https://api.github.com/repos/nikic/PHP-Parser/zipball/139676794dc1e9231bf7bcd123cfc0c99182cb13",
                "reference": "139676794dc1e9231bf7bcd123cfc0c99182cb13",
                "shasum": ""
            },
            "require": {
                "ext-ctype": "*",
                "ext-json": "*",
                "ext-tokenizer": "*",
                "php": ">=7.4"
            },
            "require-dev": {
                "ircmaxell/php-yacc": "^0.0.7",
                "phpunit/phpunit": "^7.0 || ^8.0 || ^9.0"
            },
            "bin": [
                "bin/php-parse"
            ],
            "type": "library",
            "extra": {
                "branch-alias": {
                    "dev-master": "5.0-dev"
                }
            },
            "autoload": {
                "psr-4": {
                    "PhpParser\\": "lib/PhpParser"
                }
            },
            "notification-url": "https://packagist.org/downloads/",
            "license": [
                "BSD-3-Clause"
            ],
            "authors": [
                {
                    "name": "Nikita Popov"
                }
            ],
            "description": "A PHP parser written in PHP",
            "keywords": [
                "parser",
                "php"
            ],
            "support": {
                "issues": "https://github.com/nikic/PHP-Parser/issues",
                "source": "https://github.com/nikic/PHP-Parser/tree/v5.0.2"
            },
            "time": "2024-03-05T20:51:40+00:00"
        },
        {
            "name": "palaueb/php_executor",
            "version": "dev-main",
            "source": {
                "type": "git",
                "url": "https://github.com/palaueb/php_executor.git",
                "reference": "ec2aee6e03a6c32a72c7cfd827110303c5e7b809"
            },
            "dist": {
                "type": "zip",
                "url": "https://api.github.com/repos/palaueb/php_executor/zipball/ec2aee6e03a6c32a72c7cfd827110303c5e7b809",
                "reference": "ec2aee6e03a6c32a72c7cfd827110303c5e7b809",
                "shasum": ""
            },
            "require": {
                "nikic/php-parser": "^5.0"
            },
            "default-branch": true,
            "type": "library",
            "autoload": {
                "psr-4": {
                    "PhpExecutor\\": "src/"
                }
            },
            "notification-url": "https://packagist.org/downloads/",
            "license": [
                "BSD-3-Clause"
            ],
            "description": "A simple PHP executor.",
            "support": {
                "issues": "https://github.com/palaueb/php_executor/issues",
                "source": "https://github.com/palaueb/php_executor/tree/main"
            },
            "time": "2024-05-08T17:50:51+00:00"
        }
    ],
    "packages-dev": [],
    "aliases": [],
    "minimum-stability": "stable",
    "stability-flags": {
        "palaueb/php_executor": 20
    },
    "prefer-stable": false,
    "prefer-lowest": false,
    "platform": [],
    "platform-dev": [],
    "plugin-api-version": "2.6.0"
}
